
Microsoft Visual Studio Solution File, Format Version 12.00
Project("{FAE04EC0-301F-11D3-BF4B-00C04F79EFBC}") = "ProjectAI", "ProjectAI\ProjectAI.csproj", "{924F6A48-80BA-4CD0-ACAA-F9554FDDD17A}"
EndProject
Global
	GlobalSection(SolutionConfigurationPlatforms) = preSolution
		Debug|Any CPU = Debug|Any CPU
		Release|Any CPU = Release|Any CPU
	EndGlobalSection
	GlobalSection(ProjectConfigurationPlatforms) = postSolution
		{924F6A48-80BA-4CD0-ACAA-F9554FDDD17A}.Debug|Any CPU.ActiveCfg = Debug|Any CPU
		{924F6A48-80BA-4CD0-ACAA-F9554FDDD17A}.Debug|Any CPU.Build.0 = Debug|Any CPU
		{924F6A48-80BA-4CD0-ACAA-F9554FDDD17A}.Release|Any CPU.ActiveCfg = Release|Any CPU
		{924F6A48-80BA-4CD0-ACAA-F9554FDDD17A}.Release|Any CPU.Build.0 = Release|Any CPU
	EndGlobalSection
EndGlobal
